
Microsoft Visual Studio Solution File, Format Version 12.00
# Visual Studio 15
VisualStudioVersion = 15.0.28307.572
MinimumVisualStudioVersion = 10.0.40219.1
Project("{2150E333-8FDC-42A3-9474-1A3956D46DE8}") = "Infrastructure", "Infrastructure", "{8A1763DD-7B35-4AF0-BDED-7153D987CC85}"
EndProject
Project("{2150E333-8FDC-42A3-9474-1A3956D46DE8}") = "Core", "Core", "{90AC6356-048A-4C32-8CB9-7863D1D5A2B7}"
EndProject
Project("{2150E333-8FDC-42A3-9474-1A3956D46DE8}") = "Application", "Application", "{8D954E44-EC47-4323-A599-71CC3E0A5BCA}"
EndProject
Project("{2150E333-8FDC-42A3-9474-1A3956D46DE8}") = "Presentation", "Presentation", "{2AB055D3-8129-4748-B4B8-03570AE8AC5F}"
EndProject
Project("{2150E333-8FDC-42A3-9474-1A3956D46DE8}") = "Test", "Test", "{CD9A118D-6FA9-4135-989A-9847B9C500B9}"
EndProject
Project("{FAE04EC0-301F-11D3-BF4B-00C04F79EFBC}") = "GGDFM.Component.Tools", "GGDFM.Component.Tools\GGDFM.Component.Tools.csproj", "{A16F98B8-1FA8-4544-86AE-717D2D9046F9}"
EndProject
Project("{FAE04EC0-301F-11D3-BF4B-00C04F79EFBC}") = "GGDFM.Component.Data", "GGDFM.Component.Data\GGDFM.Component.Data.csproj", "{A58513D6-9256-4FD6-A6AB-53F0BA4ADDA5}"
EndProject
Project("{FAE04EC0-301F-11D3-BF4B-00C04F79EFBC}") = "GGDFM.Core", "GGDFM.Core\GGDFM.Core.csproj", "{5CC10465-BD5C-46E3-8290-A77F130FFD71}"
EndProject
Project("{FAE04EC0-301F-11D3-BF4B-00C04F79EFBC}") = "GGDFM.Core.Data", "GGDFM.Core.Data\GGDFM.Core.Data.csproj", "{D0EE111B-06C6-4695-8531-38D7B4ED84DC}"
EndProject
Project("{FAE04EC0-301F-11D3-BF4B-00C04F79EFBC}") = "GGDFM.Core.Models", "GGDFM.Core.Models\GGDFM.Core.Models.csproj", "{82D92136-7404-41AC-8EF0-327C0C38CEE7}"
EndProject
Project("{FAE04EC0-301F-11D3-BF4B-00C04F79EFBC}") = "GGDFM.Application", "GGDFM.Application\GGDFM.Application.csproj", "{CF4B95C2-7CF5-4AA1-9FF1-1B7C0281B9B1}"
EndProject
Project("{FAE04EC0-301F-11D3-BF4B-00C04F79EFBC}") = "GGCYUI", "GGCYUI\GGCYUI.csproj", "{DE94674D-5D62-4B44-BD2A-F7C9491D99F4}"
EndProject
Project("{FAE04EC0-301F-11D3-BF4B-00C04F79EFBC}") = "GGDFM.UI", "GGDFM.UI\GGDFM.UI.csproj", "{CEE3248B-1DAE-4B4F-A6CB-97596233ED18}"
EndProject
Global
	GlobalSection(SolutionConfigurationPlatforms) = preSolution
		Debug|Any CPU = Debug|Any CPU
		Release|Any CPU = Release|Any CPU
	EndGlobalSection
	GlobalSection(ProjectConfigurationPlatforms) = postSolution
		{A16F98B8-1FA8-4544-86AE-717D2D9046F9}.Debug|Any CPU.ActiveCfg = Debug|Any CPU
		{A16F98B8-1FA8-4544-86AE-717D2D9046F9}.Debug|Any CPU.Build.0 = Debug|Any CPU
		{A16F98B8-1FA8-4544-86AE-717D2D9046F9}.Release|Any CPU.ActiveCfg = Release|Any CPU
		{A16F98B8-1FA8-4544-86AE-717D2D9046F9}.Release|Any CPU.Build.0 = Release|Any CPU
		{A58513D6-9256-4FD6-A6AB-53F0BA4ADDA5}.Debug|Any CPU.ActiveCfg = Debug|Any CPU
		{A58513D6-9256-4FD6-A6AB-53F0BA4ADDA5}.Debug|Any CPU.Build.0 = Debug|Any CPU
		{A58513D6-9256-4FD6-A6AB-53F0BA4ADDA5}.Release|Any CPU.ActiveCfg = Release|Any CPU
		{A58513D6-9256-4FD6-A6AB-53F0BA4ADDA5}.Release|Any CPU.Build.0 = Release|Any CPU
		{5CC10465-BD5C-46E3-8290-A77F130FFD71}.Debug|Any CPU.ActiveCfg = Debug|Any CPU
		{5CC10465-BD5C-46E3-8290-A77F130FFD71}.Debug|Any CPU.Build.0 = Debug|Any CPU
		{5CC10465-BD5C-46E3-8290-A77F130FFD71}.Release|Any CPU.ActiveCfg = Release|Any CPU
		{5CC10465-BD5C-46E3-8290-A77F130FFD71}.Release|Any CPU.Build.0 = Release|Any CPU
		{D0EE111B-06C6-4695-8531-38D7B4ED84DC}.Debug|Any CPU.ActiveCfg = Debug|Any CPU
		{D0EE111B-06C6-4695-8531-38D7B4ED84DC}.Debug|Any CPU.Build.0 = Debug|Any CPU
		{D0EE111B-06C6-4695-8531-38D7B4ED84DC}.Release|Any CPU.ActiveCfg = Release|Any CPU
		{D0EE111B-06C6-4695-8531-38D7B4ED84DC}.Release|Any CPU.Build.0 = Release|Any CPU
		{82D92136-7404-41AC-8EF0-327C0C38CEE7}.Debug|Any CPU.ActiveCfg = Debug|Any CPU
		{82D92136-7404-41AC-8EF0-327C0C38CEE7}.Debug|Any CPU.Build.0 = Debug|Any CPU
		{82D92136-7404-41AC-8EF0-327C0C38CEE7}.Release|Any CPU.ActiveCfg = Release|Any CPU
		{82D92136-7404-41AC-8EF0-327C0C38CEE7}.Release|Any CPU.Build.0 = Release|Any CPU
		{CF4B95C2-7CF5-4AA1-9FF1-1B7C0281B9B1}.Debug|Any CPU.ActiveCfg = Debug|Any CPU
		{CF4B95C2-7CF5-4AA1-9FF1-1B7C0281B9B1}.Debug|Any CPU.Build.0 = Debug|Any CPU
		{CF4B95C2-7CF5-4AA1-9FF1-1B7C0281B9B1}.Release|Any CPU.ActiveCfg = Release|Any CPU
		{CF4B95C2-7CF5-4AA1-9FF1-1B7C0281B9B1}.Release|Any CPU.Build.0 = Release|Any CPU
		{DE94674D-5D62-4B44-BD2A-F7C9491D99F4}.Debug|Any CPU.ActiveCfg = Debug|Any CPU
		{DE94674D-5D62-4B44-BD2A-F7C9491D99F4}.Debug|Any CPU.Build.0 = Debug|Any CPU
		{DE94674D-5D62-4B44-BD2A-F7C9491D99F4}.Release|Any CPU.ActiveCfg = Release|Any CPU
		{DE94674D-5D62-4B44-BD2A-F7C9491D99F4}.Release|Any CPU.Build.0 = Release|Any CPU
		{CEE3248B-1DAE-4B4F-A6CB-97596233ED18}.Debug|Any CPU.ActiveCfg = Debug|Any CPU
		{CEE3248B-1DAE-4B4F-A6CB-97596233ED18}.Debug|Any CPU.Build.0 = Debug|Any CPU
		{CEE3248B-1DAE-4B4F-A6CB-97596233ED18}.Release|Any CPU.ActiveCfg = Release|Any CPU
		{CEE3248B-1DAE-4B4F-A6CB-97596233ED18}.Release|Any CPU.Build.0 = Release|Any CPU
	EndGlobalSection
	GlobalSection(SolutionProperties) = preSolution
		HideSolutionNode = FALSE
	EndGlobalSection
	GlobalSection(NestedProjects) = preSolution
		{A16F98B8-1FA8-4544-86AE-717D2D9046F9} = {8A1763DD-7B35-4AF0-BDED-7153D987CC85}
		{A58513D6-9256-4FD6-A6AB-53F0BA4ADDA5} = {8A1763DD-7B35-4AF0-BDED-7153D987CC85}
		{5CC10465-BD5C-46E3-8290-A77F130FFD71} = {90AC6356-048A-4C32-8CB9-7863D1D5A2B7}
		{D0EE111B-06C6-4695-8531-38D7B4ED84DC} = {90AC6356-048A-4C32-8CB9-7863D1D5A2B7}
		{82D92136-7404-41AC-8EF0-327C0C38CEE7} = {90AC6356-048A-4C32-8CB9-7863D1D5A2B7}
		{CF4B95C2-7CF5-4AA1-9FF1-1B7C0281B9B1} = {8D954E44-EC47-4323-A599-71CC3E0A5BCA}
		{DE94674D-5D62-4B44-BD2A-F7C9491D99F4} = {2AB055D3-8129-4748-B4B8-03570AE8AC5F}
		{CEE3248B-1DAE-4B4F-A6CB-97596233ED18} = {2AB055D3-8129-4748-B4B8-03570AE8AC5F}
	EndGlobalSection
	GlobalSection(ExtensibilityGlobals) = postSolution
		SolutionGuid = {D6CDCF66-9195-434F-828E-64E946013B0F}
	EndGlobalSection
EndGlobal
